
Microsoft Visual Studio Solution File, Format Version 12.00
# Visual Studio Version 17
VisualStudioVersion = 17.0.31903.59
MinimumVisualStudioVersion = 10.0.40219.1
Project("{2150E333-8FDC-42A3-9474-1A3956D46DE8}") = "src", "src", "{827E0CD3-B72D-47B6-A68D-7590B98EB39B}"
EndProject
Project("{FAE04EC0-301F-11D3-BF4B-00C04F79EFBC}") = "TrackMuvi.Shared", "src\TrackMuvi.Shared\TrackMuvi.Shared.csproj", "{1E481166-ACD8-4317-9BD1-F8883B27BB6C}"
EndProject
Project("{FAE04EC0-301F-11D3-BF4B-00C04F79EFBC}") = "TrackMuvi.Data", "src\TrackMuvi.Data\TrackMuvi.Data.csproj", "{A2DA9BD0-2515-4F68-BCEF-E9F9A9A56D3F}"
EndProject
Project("{FAE04EC0-301F-11D3-BF4B-00C04F79EFBC}") = "TrackMuvi.Services", "src\TrackMuvi.Services\TrackMuvi.Services.csproj", "{D3B5039D-0DFA-4A66-A5DB-4C40AE57C8DF}"
EndProject
Project("{FAE04EC0-301F-11D3-BF4B-00C04F79EFBC}") = "TrackMuvi.UI", "src\TrackMuvi.UI\TrackMuvi.UI.csproj", "{1DD96F56-C741-456C-ACE8-264385840EC3}"
EndProject
Project("{FAE04EC0-301F-11D3-BF4B-00C04F79EFBC}") = "TrackMuvi.Api", "src\TrackMuvi.Api\TrackMuvi.Api.csproj", "{527E5D61-A89F-4593-8F58-E550CE686DA9}"
EndProject
Project("{FAE04EC0-301F-11D3-BF4B-00C04F79EFBC}") = "TrackMuvi.Maui", "src\TrackMuvi.Maui\TrackMuvi.Maui.csproj", "{5CA71F7D-0F0F-48BE-ACAD-263781278BBF}"
EndProject
Project("{FAE04EC0-301F-11D3-BF4B-00C04F79EFBC}") = "TrackMuvi.Tests", "tests\TrackMuvi.Tests\TrackMuvi.Tests.csproj", "{91876010-2542-4210-A9AD-62E147E50F94}"
EndProject
Global
	GlobalSection(SolutionConfigurationPlatforms) = preSolution
		Debug|Any CPU = Debug|Any CPU
		Debug|x64 = Debug|x64
		Debug|x86 = Debug|x86
		Release|Any CPU = Release|Any CPU
		Release|x64 = Release|x64
		Release|x86 = Release|x86
	EndGlobalSection
	GlobalSection(ProjectConfigurationPlatforms) = postSolution
		{1E481166-ACD8-4317-9BD1-F8883B27BB6C}.Debug|Any CPU.ActiveCfg = Debug|Any CPU
		{1E481166-ACD8-4317-9BD1-F8883B27BB6C}.Debug|Any CPU.Build.0 = Debug|Any CPU
		{1E481166-ACD8-4317-9BD1-F8883B27BB6C}.Debug|x64.ActiveCfg = Debug|Any CPU
		{1E481166-ACD8-4317-9BD1-F8883B27BB6C}.Debug|x64.Build.0 = Debug|Any CPU
		{1E481166-ACD8-4317-9BD1-F8883B27BB6C}.Debug|x86.ActiveCfg = Debug|Any CPU
		{1E481166-ACD8-4317-9BD1-F8883B27BB6C}.Debug|x86.Build.0 = Debug|Any CPU
		{1E481166-ACD8-4317-9BD1-F8883B27BB6C}.Release|Any CPU.ActiveCfg = Release|Any CPU
		{1E481166-ACD8-4317-9BD1-F8883B27BB6C}.Release|Any CPU.Build.0 = Release|Any CPU
		{1E481166-ACD8-4317-9BD1-F8883B27BB6C}.Release|x64.ActiveCfg = Release|Any CPU
		{1E481166-ACD8-4317-9BD1-F8883B27BB6C}.Release|x64.Build.0 = Release|Any CPU
		{1E481166-ACD8-4317-9BD1-F8883B27BB6C}.Release|x86.ActiveCfg = Release|Any CPU
		{1E481166-ACD8-4317-9BD1-F8883B27BB6C}.Release|x86.Build.0 = Release|Any CPU
		{A2DA9BD0-2515-4F68-BCEF-E9F9A9A56D3F}.Debug|Any CPU.ActiveCfg = Debug|Any CPU
		{A2DA9BD0-2515-4F68-BCEF-E9F9A9A56D3F}.Debug|Any CPU.Build.0 = Debug|Any CPU
		{A2DA9BD0-2515-4F68-BCEF-E9F9A9A56D3F}.Debug|x64.ActiveCfg = Debug|Any CPU
		{A2DA9BD0-2515-4F68-BCEF-E9F9A9A56D3F}.Debug|x64.Build.0 = Debug|Any CPU
		{A2DA9BD0-2515-4F68-BCEF-E9F9A9A56D3F}.Debug|x86.ActiveCfg = Debug|Any CPU
		{A2DA9BD0-2515-4F68-BCEF-E9F9A9A56D3F}.Debug|x86.Build.0 = Debug|Any CPU
		{A2DA9BD0-2515-4F68-BCEF-E9F9A9A56D3F}.Release|Any CPU.ActiveCfg = Release|Any CPU
		{A2DA9BD0-2515-4F68-BCEF-E9F9A9A56D3F}.Release|Any CPU.Build.0 = Release|Any CPU
		{A2DA9BD0-2515-4F68-BCEF-E9F9A9A56D3F}.Release|x64.ActiveCfg = Release|Any CPU
		{A2DA9BD0-2515-4F68-BCEF-E9F9A9A56D3F}.Release|x64.Build.0 = Release|Any CPU
		{A2DA9BD0-2515-4F68-BCEF-E9F9A9A56D3F}.Release|x86.ActiveCfg = Release|Any CPU
		{A2DA9BD0-2515-4F68-BCEF-E9F9A9A56D3F}.Release|x86.Build.0 = Release|Any CPU
		{D3B5039D-0DFA-4A66-A5DB-4C40AE57C8DF}.Debug|Any CPU.ActiveCfg = Debug|Any CPU
		{D3B5039D-0DFA-4A66-A5DB-4C40AE57C8DF}.Debug|Any CPU.Build.0 = Debug|Any CPU
		{D3B5039D-0DFA-4A66-A5DB-4C40AE57C8DF}.Debug|x64.ActiveCfg = Debug|Any CPU
		{D3B5039D-0DFA-4A66-A5DB-4C40AE57C8DF}.Debug|x64.Build.0 = Debug|Any CPU
		{D3B5039D-0DFA-4A66-A5DB-4C40AE57C8DF}.Debug|x86.ActiveCfg = Debug|Any CPU
		{D3B5039D-0DFA-4A66-A5DB-4C40AE57C8DF}.Debug|x86.Build.0 = Debug|Any CPU
		{D3B5039D-0DFA-4A66-A5DB-4C40AE57C8DF}.Release|Any CPU.ActiveCfg = Release|Any CPU
		{D3B5039D-0DFA-4A66-A5DB-4C40AE57C8DF}.Release|Any CPU.Build.0 = Release|Any CPU
		{D3B5039D-0DFA-4A66-A5DB-4C40AE57C8DF}.Release|x64.ActiveCfg = Release|Any CPU
		{D3B5039D-0DFA-4A66-A5DB-4C40AE57C8DF}.Release|x64.Build.0 = Release|Any CPU
		{D3B5039D-0DFA-4A66-A5DB-4C40AE57C8DF}.Release|x86.ActiveCfg = Release|Any CPU
		{D3B5039D-0DFA-4A66-A5DB-4C40AE57C8DF}.Release|x86.Build.0 = Release|Any CPU
		{1DD96F56-C741-456C-ACE8-264385840EC3}.Debug|Any CPU.ActiveCfg = Debug|Any CPU
		{1DD96F56-C741-456C-ACE8-264385840EC3}.Debug|Any CPU.Build.0 = Debug|Any CPU
		{1DD96F56-C741-456C-ACE8-264385840EC3}.Debug|x64.ActiveCfg = Debug|Any CPU
		{1DD96F56-C741-456C-ACE8-264385840EC3}.Debug|x64.Build.0 = Debug|Any CPU
		{1DD96F56-C741-456C-ACE8-264385840EC3}.Debug|x86.ActiveCfg = Debug|Any CPU
		{1DD96F56-C741-456C-ACE8-264385840EC3}.Debug|x86.Build.0 = Debug|Any CPU
		{1DD96F56-C741-456C-ACE8-264385840EC3}.Release|Any CPU.ActiveCfg = Release|Any CPU
		{1DD96F56-C741-456C-ACE8-264385840EC3}.Release|Any CPU.Build.0 = Release|Any CPU
		{1DD96F56-C741-456C-ACE8-264385840EC3}.Release|x64.ActiveCfg = Release|Any CPU
		{1DD96F56-C741-456C-ACE8-264385840EC3}.Release|x64.Build.0 = Release|Any CPU
		{1DD96F56-C741-456C-ACE8-264385840EC3}.Release|x86.ActiveCfg = Release|Any CPU
		{1DD96F56-C741-456C-ACE8-264385840EC3}.Release|x86.Build.0 = Release|Any CPU
		{527E5D61-A89F-4593-8F58-E550CE686DA9}.Debug|Any CPU.ActiveCfg = Debug|Any CPU
		{527E5D61-A89F-4593-8F58-E550CE686DA9}.Debug|Any CPU.Build.0 = Debug|Any CPU
		{527E5D61-A89F-4593-8F58-E550CE686DA9}.Debug|x64.ActiveCfg = Debug|Any CPU
		{527E5D61-A89F-4593-8F58-E550CE686DA9}.Debug|x64.Build.0 = Debug|Any CPU
		{527E5D61-A89F-4593-8F58-E550CE686DA9}.Debug|x86.ActiveCfg = Debug|Any CPU
		{527E5D61-A89F-4593-8F58-E550CE686DA9}.Debug|x86.Build.0 = Debug|Any CPU
		{527E5D61-A89F-4593-8F58-E550CE686DA9}.Release|Any CPU.ActiveCfg = Release|Any CPU
		{527E5D61-A89F-4593-8F58-E550CE686DA9}.Release|Any CPU.Build.0 = Release|Any CPU
		{527E5D61-A89F-4593-8F58-E550CE686DA9}.Release|x64.ActiveCfg = Release|Any CPU
		{527E5D61-A89F-4593-8F58-E550CE686DA9}.Release|x64.Build.0 = Release|Any CPU
		{527E5D61-A89F-4593-8F58-E550CE686DA9}.Release|x86.ActiveCfg = Release|Any CPU
		{527E5D61-A89F-4593-8F58-E550CE686DA9}.Release|x86.Build.0 = Release|Any CPU
		{5CA71F7D-0F0F-48BE-ACAD-263781278BBF}.Debug|Any CPU.ActiveCfg = Debug|Any CPU
		{5CA71F7D-0F0F-48BE-ACAD-263781278BBF}.Debug|Any CPU.Build.0 = Debug|Any CPU
		{5CA71F7D-0F0F-48BE-ACAD-263781278BBF}.Debug|x64.ActiveCfg = Debug|Any CPU
		{5CA71F7D-0F0F-48BE-ACAD-263781278BBF}.Debug|x64.Build.0 = Debug|Any CPU
		{5CA71F7D-0F0F-48BE-ACAD-263781278BBF}.Debug|x86.ActiveCfg = Debug|Any CPU
		{5CA71F7D-0F0F-48BE-ACAD-263781278BBF}.Debug|x86.Build.0 = Debug|Any CPU
		{5CA71F7D-0F0F-48BE-ACAD-263781278BBF}.Release|Any CPU.ActiveCfg = Release|Any CPU
		{5CA71F7D-0F0F-48BE-ACAD-263781278BBF}.Release|Any CPU.Build.0 = Release|Any CPU
		{5CA71F7D-0F0F-48BE-ACAD-263781278BBF}.Release|x64.ActiveCfg = Release|Any CPU
		{5CA71F7D-0F0F-48BE-ACAD-263781278BBF}.Release|x64.Build.0 = Release|Any CPU
		{5CA71F7D-0F0F-48BE-ACAD-263781278BBF}.Release|x86.ActiveCfg = Release|Any CPU
		{5CA71F7D-0F0F-48BE-ACAD-263781278BBF}.Release|x86.Build.0 = Release|Any CPU
		{91876010-2542-4210-A9AD-62E147E50F94}.Debug|Any CPU.ActiveCfg = Debug|Any CPU
		{91876010-2542-4210-A9AD-62E147E50F94}.Debug|Any CPU.Build.0 = Debug|Any CPU
		{91876010-2542-4210-A9AD-62E147E50F94}.Debug|x64.ActiveCfg = Debug|Any CPU
		{91876010-2542-4210-A9AD-62E147E50F94}.Debug|x64.Build.0 = Debug|Any CPU
		{91876010-2542-4210-A9AD-62E147E50F94}.Debug|x86.ActiveCfg = Debug|Any CPU
		{91876010-2542-4210-A9AD-62E147E50F94}.Debug|x86.Build.0 = Debug|Any CPU
		{91876010-2542-4210-A9AD-62E147E50F94}.Release|Any CPU.ActiveCfg = Release|Any CPU
		{91876010-2542-4210-A9AD-62E147E50F94}.Release|Any CPU.Build.0 = Release|Any CPU
		{91876010-2542-4210-A9AD-62E147E50F94}.Release|x64.ActiveCfg = Release|Any CPU
		{91876010-2542-4210-A9AD-62E147E50F94}.Release|x64.Build.0 = Release|Any CPU
		{91876010-2542-4210-A9AD-62E147E50F94}.Release|x86.ActiveCfg = Release|Any CPU
		{91876010-2542-4210-A9AD-62E147E50F94}.Release|x86.Build.0 = Release|Any CPU
	EndGlobalSection
	GlobalSection(SolutionProperties) = preSolution
		HideSolutionNode = FALSE
	EndGlobalSection
	GlobalSection(NestedProjects) = preSolution
		{1E481166-ACD8-4317-9BD1-F8883B27BB6C} = {827E0CD3-B72D-47B6-A68D-7590B98EB39B}
		{A2DA9BD0-2515-4F68-BCEF-E9F9A9A56D3F} = {827E0CD3-B72D-47B6-A68D-7590B98EB39B}
		{D3B5039D-0DFA-4A66-A5DB-4C40AE57C8DF} = {827E0CD3-B72D-47B6-A68D-7590B98EB39B}
		{1DD96F56-C741-456C-ACE8-264385840EC3} = {827E0CD3-B72D-47B6-A68D-7590B98EB39B}
		{527E5D61-A89F-4593-8F58-E550CE686DA9} = {827E0CD3-B72D-47B6-A68D-7590B98EB39B}
		{5CA71F7D-0F0F-48BE-ACAD-263781278BBF} = {827E0CD3-B72D-47B6-A68D-7590B98EB39B}
		{91876010-2542-4210-A9AD-62E147E50F94} = {827E0CD3-B72D-47B6-A68D-7590B98EB39B}
	EndGlobalSection
EndGlobal
